schema: '2.0'
stages:
  data_cleaning:
    cmd: python src/data/data_cleaning.py
    deps:
    - path: data/raw/swiggy.csv
      hash: md5
      md5: 55bd6cc42f2360b5de9569cf9cbd8342
      size: 7726618
    - path: src/data/data_cleaning.py
      hash: md5
      md5: f5ad421aafd57c91a1366fef5b226570
      size: 9519
    outs:
    - path: data/cleaned/swiggy_cleaned.csv
      hash: md5
      md5: 4918716e52fc57babdcd400dfb3c3f29
      size: 4508527
  data_preparation:
    cmd: python src/data/data_preparation.py
    deps:
    - path: data/cleaned/swiggy_cleaned.csv
      hash: md5
      md5: 4918716e52fc57babdcd400dfb3c3f29
      size: 4508527
    - path: src/data/data_preparation.py
      hash: md5
      md5: 3e2a96e903923880992e6268edefca49
      size: 3007
    params:
      params.yaml:
        Data_Preparation.random_state: 42
        Data_Preparation.test_size: 0.25
    outs:
    - path: data/interim/test.csv
      hash: md5
      md5: e17e82f6e38f0a4a384bfe008be42ba2
      size: 1126527
    - path: data/interim/train.csv
      hash: md5
      md5: c947bf174a89cccd1c8ec92dfab7ea14
      size: 3379042
  data_preprocessing:
    cmd: python src/features/data_preprocessing.py
    deps:
    - path: data/interim/test.csv
      hash: md5
      md5: e17e82f6e38f0a4a384bfe008be42ba2
      size: 1126527
    - path: data/interim/train.csv
      hash: md5
      md5: c947bf174a89cccd1c8ec92dfab7ea14
      size: 3379042
    - path: src/features/data_preprocessing.py
      hash: md5
      md5: 7b3e417278eadcf34bc0479bdb770497
      size: 6880
    outs:
    - path: data/processed/test_trans.csv
      hash: md5
      md5: 6a7f129b63c05b9922c237e6ae702b26
      size: 1358276
    - path: data/processed/train_trans.csv
      hash: md5
      md5: 607d3fb5ca7957bc02695329fe4322bd
      size: 4060457
    - path: models/preprocessor.joblib
      hash: md5
      md5: 2acd614f4a180cf99ff54d5928ca1513
      size: 7913
  train:
    cmd: python src/model/train.py
    deps:
    - path: data/processed/train_trans.csv
      hash: md5
      md5: 607d3fb5ca7957bc02695329fe4322bd
      size: 4060457
    - path: src/model/train.py
      hash: md5
      md5: 0fbe217a2705d8363e679b4128af31c2
      size: 4987
    params:
      params.yaml:
        Train.ElasticNet:
          alpha: 0.01747401579628145
          l1_ratio: 0.5351148384675742
          random_state: 42
          max_iter: 5000
        Train.LightGBM:
          n_estimators: 609
          learning_rate: 0.011840062109564906
          max_depth: 15
          num_leaves: 107
          subsample: 0.8342949072227168
          colsample_bytree: 0.9339475480969448
          min_child_weight: 5.802155537397966
          reg_alpha: 0.000172409806797029
          reg_lambda: 0.2470475418456122
        Train.XGBoost:
          n_estimators: 856
          learning_rate: 0.011804738897525
          max_depth: 12
          min_child_weight: 6
          gamma: 0.6035875191188472
          subsample: 0.9028989534142778
          colsample_bytree: 0.9791480707107688
          reg_alpha: 0.00020972186331087944
          reg_lambda: 0.0033654731421510226
    outs:
    - path: models/model.joblib
      hash: md5
      md5: a6de18cc0971e017d5313fc82ef01282
      size: 11712856
    - path: models/power_transformer.joblib
      hash: md5
      md5: ddf3cfc0c2e30f8fe03b835d57e6f6ed
      size: 805
    - path: models/stacking_regressor.joblib
      hash: md5
      md5: 92a9ad41d1a1e7d6bb9bb58b3f9e937b
      size: 11708938
  evaluation:
    cmd: python src/model/evaluation.py
    deps:
    - path: data/processed/test_trans.csv
      hash: md5
      md5: 6a7f129b63c05b9922c237e6ae702b26
      size: 1358276
    - path: data/processed/train_trans.csv
      hash: md5
      md5: 607d3fb5ca7957bc02695329fe4322bd
      size: 4060457
    - path: models/model.joblib
      hash: md5
      md5: a6de18cc0971e017d5313fc82ef01282
      size: 11712856
    - path: src/model/evaluation.py
      hash: md5
      md5: e1f64a20059c005e0b17aac2e409b855
      size: 6052
    outs:
    - path: run_information.json
      hash: md5
      md5: 26a4386d762a73edaa28981c3ba8d8e2
      size: 220
